{"1.2.0",
[{<<"erlexec">>,{pkg,<<"erlexec">>,<<"1.18.8">>},0},
 {<<"goldrush">>,{pkg,<<"goldrush">>,<<"0.1.9">>},1},
 {<<"lager">>,{pkg,<<"lager">>,<<"3.8.1">>},0},
 {<<"mime_lookup">>,{pkg,<<"mime_lookup">>,<<"0.1.1">>},0},
 {<<"ppool">>,{pkg,<<"ppool">>,<<"1.1.1">>},0},
 {<<"ranch">>,{pkg,<<"ranch">>,<<"2.0.0">>},0},
 {<<"realpath">>,{pkg,<<"realpath">>,<<"1.3.6">>},0}]}.
[
{pkg_hash,[
 {<<"erlexec">>, <<"98C1DAD5FE9F47B5A765B631C3770B28E7F4837A9FA9849E390561EA42979B8A">>},
 {<<"goldrush">>, <<"F06E5D5F1277DA5C413E84D5A2924174182FB108DABB39D5EC548B27424CD106">>},
 {<<"lager">>, <<"652EDFFBBEFFDE78F12220E1C64F6F6BFB173A8738CE73AF6ED3B1723A71C5BD">>},
 {<<"mime_lookup">>, <<"5D82F5DD2B898B1979C8EE12B186F8058B3C10BE06AD43E78E10CF6951C41195">>},
 {<<"ppool">>, <<"FA6E55D58ACD14F98EB8459F2C0F4778BA1F33D65EB15D143898CAE0BB3C606D">>},
 {<<"ranch">>, <<"FBF3D79661C071543256F9051CAF19D65DAA6DF1CF6824D8F37A49B19A66F703">>},
 {<<"realpath">>, <<"8B37C1B0937E2F37131553D51ECEA3BB2F1F9032D02EA43B660613205C2E204B">>}]},
{pkg_hash_ext,[
 {<<"erlexec">>, <<"275699DC2E5E50EAFAE26DCB37BED15A677C4627096530E7BD42A969E21CDE93">>},
 {<<"goldrush">>, <<"99CB4128CFFCB3227581E5D4D803D5413FA643F4EB96523F77D9E6937D994CEB">>},
 {<<"lager">>, <<"F8945D2CBAAB3560C2373F0808EB6262E7CFF1BD2EC550FD7DB38716180B7465">>},
 {<<"mime_lookup">>, <<"C672FF8913DFA2F2CD8F4719BE3DB10163762E81AF5AB34FE903F0DF1D9F04AF">>},
 {<<"ppool">>, <<"AF15726BBB5E97C5AE6D134950ACC19532C72BEAF5DDFE88D7DDF2FB7B877F72">>},
 {<<"ranch">>, <<"C20A4840C7D6623C19812D3A7C828B2F1BD153EF0F124CB69C54FE51D8A42AE0">>},
 {<<"realpath">>, <<"68E1A350CD2E7870C03E7C897CB86734F556583FC78260F6739FF1D289C367E6">>}]}
].
